// !$*UTF8*$!
{
	archiveVersion = 1;
	classes = {
	};
	objectVersion = 56;
	objects = {

/* Begin PBXBuildFile section */
		3AC9EAF72B003D8B00CDC88F /* IntegralEyesightApp.swift in Sources */ = {isa = PBXBuildFile; fileRef = 3AC9EAF62B003D8B00CDC88F /* IntegralEyesightApp.swift */; };
		3AC9EAF92B003D8B00CDC88F /* ContentView.swift in Sources */ = {isa = PBXBuildFile; fileRef = 3AC9EAF82B003D8B00CDC88F /* ContentView.swift */; };
		3AC9EAFB2B003D8C00CDC88F /* Assets.xcassets in Resources */ = {isa = PBXBuildFile; fileRef = 3AC9EAFA2B003D8C00CDC88F /* Assets.xcassets */; };
		3AC9EAFF2B003D8C00CDC88F /* Preview Assets.xcassets in Resources */ = {isa = PBXBuildFile; fileRef = 3AC9EAFE2B003D8C00CDC88F /* Preview Assets.xcassets */; };
		3AC9EB092B003D8C00CDC88F /* IntegralEyesightTests.swift in Sources */ = {isa = PBXBuildFile; fileRef = 3AC9EB082B003D8C00CDC88F /* IntegralEyesightTests.swift */; };
		3AC9EB132B003D8C00CDC88F /* IntegralEyesightUITests.swift in Sources */ = {isa = PBXBuildFile; fileRef = 3AC9EB122B003D8C00CDC88F /* IntegralEyesightUITests.swift */; };
		3AC9EB152B003D8C00CDC88F /* IntegralEyesightUITestsLaunchTests.swift in Sources */ = {isa = PBXBuildFile; fileRef = 3AC9EB142B003D8C00CDC88F /* IntegralEyesightUITestsLaunchTests.swift */; };
/* End PBXBuildFile section */

/* Begin PBXContainerItemProxy section */
		3AC9EB052B003D8C00CDC88F /* PBXContainerItemProxy */ = {
			isa = PBXContainerItemProxy;
			containerPortal = 3AC9EAEB2B003D8B00CDC88F /* Project object */;
			proxyType = 1;
			remoteGlobalIDString = 3AC9EAF22B003D8B00CDC88F;
			remoteInfo = IntegralEyesight;
		};
		3AC9EB0F2B003D8C00CDC88F /* PBXContainerItemProxy */ = {
			isa = PBXContainerItemProxy;
			containerPortal = 3AC9EAEB2B003D8B00CDC88F /* Project object */;
			proxyType = 1;
			remoteGlobalIDString = 3AC9EAF22B003D8B00CDC88F;
			remoteInfo = IntegralEyesight;
		};
/* End PBXContainerItemProxy section */

/* Begin PBXFileReference section */
		3AC9EAF32B003D8B00CDC88F /* IntegralEyesight.app */ = {isa = PBXFileReference; explicitFileType = wrapper.application; includeInIndex = 0; path = IntegralEyesight.app; sourceTree = BUILT_PRODUCTS_DIR; };
		3AC9EAF62B003D8B00CDC88F /* IntegralEyesightApp.swift */ = {isa = PBXFileReference; lastKnownFileType = sourcecode.swift; path = IntegralEyesightApp.swift; sourceTree = "<group>"; };
		3AC9EAF82B003D8B00CDC88F /* ContentView.swift */ = {isa = PBXFileReference; lastKnownFileType = sourcecode.swift; path = ContentView.swift; sourceTree = "<group>"; };
		3AC9EAFA2B003D8C00CDC88F /* Assets.xcassets */ = {isa = PBXFileReference; lastKnownFileType = folder.assetcatalog; path = Assets.xcassets; sourceTree = "<group>"; };
		3AC9EAFC2B003D8C00CDC88F /* IntegralEyesight.entitlements */ = {isa = PBXFileReference; lastKnownFileType = text.plist.entitlements; path = IntegralEyesight.entitlements; sourceTree = "<group>"; };
		3AC9EAFE2B003D8C00CDC88F /* Preview Assets.xcassets */ = {isa = PBXFileReference; lastKnownFileType = folder.assetcatalog; path = "Preview Assets.xcassets"; sourceTree = "<group>"; };
		3AC9EB042B003D8C00CDC88F /* IntegralEyesightTests.xctest */ = {isa = PBXFileReference; explicitFileType = wrapper.cfbundle; includeInIndex = 0; path = IntegralEyesightTests.xctest; sourceTree = BUILT_PRODUCTS_DIR; };
		3AC9EB082B003D8C00CDC88F /* IntegralEyesightTests.swift */ = {isa = PBXFileReference; lastKnownFileType = sourcecode.swift; path = IntegralEyesightTests.swift; sourceTree = "<group>"; };
		3AC9EB0E2B003D8C00CDC88F /* IntegralEyesightUITests.xctest */ = {isa = PBXFileReference; explicitFileType = wrapper.cfbundle; includeInIndex = 0; path = IntegralEyesightUITests.xctest; sourceTree = BUILT_PRODUCTS_DIR; };
		3AC9EB122B003D8C00CDC88F /* IntegralEyesightUITests.swift */ = {isa = PBXFileReference; lastKnownFileType = sourcecode.swift; path = IntegralEyesightUITests.swift; sourceTree = "<group>"; };
		3AC9EB142B003D8C00CDC88F /* IntegralEyesightUITestsLaunchTests.swift */ = {isa = PBXFileReference; lastKnownFileType = sourcecode.swift; path = IntegralEyesightUITestsLaunchTests.swift; sourceTree = "<group>"; };
/* End PBXFileReference section */

/* Begin PBXFrameworksBuildPhase section */
		3AC9EAF02B003D8B00CDC88F /* Frameworks */ = {
			isa = PBXFrameworksBuildPhase;
			buildActionMask = 2147483647;
			files = (
			);
			runOnlyForDeploymentPostprocessing = 0;
		};
		3AC9EB012B003D8C00CDC88F /* Frameworks */ = {
			isa = PBXFrameworksBuildPhase;
			buildActionMask = 2147483647;
			files = (
			);
			runOnlyForDeploymentPostprocessing = 0;
		};
		3AC9EB0B2B003D8C00CDC88F /* Frameworks */ = {
			isa = PBXFrameworksBuildPhase;
			buildActionMask = 2147483647;
			files = (
			);
			runOnlyForDeploymentPostprocessing = 0;
		};
/* End PBXFrameworksBuildPhase section */

/* Begin PBXGroup section */
		3AC9EAEA2B003D8B00CDC88F = {
			isa = PBXGroup;
			children = (
				3AC9EAF52B003D8B00CDC88F /* IntegralEyesight */,
				3AC9EB072B003D8C00CDC88F /* IntegralEyesightTests */,
				3AC9EB112B003D8C00CDC88F /* IntegralEyesightUITests */,
				3AC9EAF42B003D8B00CDC88F /* Products */,
			);
			sourceTree = "<group>";
		};
		3AC9EAF42B003D8B00CDC88F /* Products */ = {
			isa = PBXGroup;
			children = (
				3AC9EAF32B003D8B00CDC88F /* IntegralEyesight.app */,
				3AC9EB042B003D8C00CDC88F /* IntegralEyesightTests.xctest */,
				3AC9EB0E2B003D8C00CDC88F /* IntegralEyesightUITests.xctest */,
			);
			name = Products;
			sourceTree = "<group>";
		};
		3AC9EAF52B003D8B00CDC88F /* IntegralEyesight */ = {
			isa = PBXGroup;
			children = (
				3AC9EAF62B003D8B00CDC88F /* IntegralEyesightApp.swift */,
				3AC9EAF82B003D8B00CDC88F /* ContentView.swift */,
				3AC9EAFA2B003D8C00CDC88F /* Assets.xcassets */,
				3AC9EAFC2B003D8C00CDC88F /* IntegralEyesight.entitlements */,
				3AC9EAFD2B003D8C00CDC88F /* Preview Content */,
			);
			path = IntegralEyesight;
			sourceTree = "<group>";
		};
		3AC9EAFD2B003D8C00CDC88F /* Preview Content */ = {
			isa = PBXGroup;
			children = (
				3AC9EAFE2B003D8C00CDC88F /* Preview Assets.xcassets */,
			);
			path = "Preview Content";
			sourceTree = "<group>";
		};
		3AC9EB072B003D8C00CDC88F /* IntegralEyesightTests */ = {
			isa = PBXGroup;
			children = (
				3AC9EB082B003D8C00CDC88F /* IntegralEyesightTests.swift */,
			);
			path = IntegralEyesightTests;
			sourceTree = "<group>";
		};
		3AC9EB112B003D8C00CDC88F /* IntegralEyesightUITests */ = {
			isa = PBXGroup;
			children = (
				3AC9EB122B003D8C00CDC88F /* IntegralEyesightUITests.swift */,
				3AC9EB142B003D8C00CDC88F /* IntegralEyesightUITestsLaunchTests.swift */,
			);
			path = IntegralEyesightUITests;
			sourceTree = "<group>";
		};
/* End PBXGroup section */

/* Begin PBXNativeTarget section */
		3AC9EAF22B003D8B00CDC88F /* IntegralEyesight */ = {
			isa = PBXNativeTarget;
			buildConfigurationList = 3AC9EB182B003D8C00CDC88F /* Build configuration list for PBXNativeTarget "IntegralEyesight" */;
			buildPhases = (
				3AC9EAEF2B003D8B00CDC88F /* Sources */,
				3AC9EAF02B003D8B00CDC88F /* Frameworks */,
				3AC9EAF12B003D8B00CDC88F /* Resources */,
			);
			buildRules = (
			);
			dependencies = (
			);
			name = IntegralEyesight;
			productName = IntegralEyesight;
			productReference = 3AC9EAF32B003D8B00CDC88F /* IntegralEyesight.app */;
			productType = "com.apple.product-type.application";
		};
		3AC9EB032B003D8C00CDC88F /* IntegralEyesightTests */ = {
			isa = PBXNativeTarget;
			buildConfigurationList = 3AC9EB1B2B003D8C00CDC88F /* Build configuration list for PBXNativeTarget "IntegralEyesightTests" */;
			buildPhases = (
				3AC9EB002B003D8C00CDC88F /* Sources */,
				3AC9EB012B003D8C00CDC88F /* Frameworks */,
				3AC9EB022B003D8C00CDC88F /* Resources */,
			);
			buildRules = (
			);
			dependencies = (
				3AC9EB062B003D8C00CDC88F /* PBXTargetDependency */,
			);
			name = IntegralEyesightTests;
			productName = IntegralEyesightTests;
			productReference = 3AC9EB042B003D8C00CDC88F /* IntegralEyesightTests.xctest */;
			productType = "com.apple.product-type.bundle.unit-test";
		};
		3AC9EB0D2B003D8C00CDC88F /* IntegralEyesightUITests */ = {
			isa = PBXNativeTarget;
			buildConfigurationList = 3AC9EB1E2B003D8C00CDC88F /* Build configuration list for PBXNativeTarget "IntegralEyesightUITests" */;
			buildPhases = (
				3AC9EB0A2B003D8C00CDC88F /* Sources */,
				3AC9EB0B2B003D8C00CDC88F /* Frameworks */,
				3AC9EB0C2B003D8C00CDC88F /* Resources */,
			);
			buildRules = (
			);
			dependencies = (
				3AC9EB102B003D8C00CDC88F /* PBXTargetDependency */,
			);
			name = IntegralEyesightUITests;
			productName = IntegralEyesightUITests;
			productReference = 3AC9EB0E2B003D8C00CDC88F /* IntegralEyesightUITests.xctest */;
			productType = "com.apple.product-type.bundle.ui-testing";
		};
/* End PBXNativeTarget section */

/* Begin PBXProject section */
		3AC9EAEB2B003D8B00CDC88F /* Project object */ = {
			isa = PBXProject;
			attributes = {
				BuildIndependentTargetsInParallel = 1;
				LastSwiftUpdateCheck = 1500;
				LastUpgradeCheck = 1500;
				TargetAttributes = {
					3AC9EAF22B003D8B00CDC88F = {
						CreatedOnToolsVersion = 15.0.1;
					};
					3AC9EB032B003D8C00CDC88F = {
						CreatedOnToolsVersion = 15.0.1;
						TestTargetID = 3AC9EAF22B003D8B00CDC88F;
					};
					3AC9EB0D2B003D8C00CDC88F = {
						CreatedOnToolsVersion = 15.0.1;
						TestTargetID = 3AC9EAF22B003D8B00CDC88F;
					};
				};
			};
			buildConfigurationList = 3AC9EAEE2B003D8B00CDC88F /* Build configuration list for PBXProject "IntegralEyesight" */;
			compatibilityVersion = "Xcode 14.0";
			developmentRegion = en;
			hasScannedForEncodings = 0;
			knownRegions = (
				en,
				Base,
			);
			mainGroup = 3AC9EAEA2B003D8B00CDC88F;
			productRefGroup = 3AC9EAF42B003D8B00CDC88F /* Products */;
			projectDirPath = "";
			projectRoot = "";
			targets = (
				3AC9EAF22B003D8B00CDC88F /* IntegralEyesight */,
				3AC9EB032B003D8C00CDC88F /* IntegralEyesightTests */,
				3AC9EB0D2B003D8C00CDC88F /* IntegralEyesightUITests */,
			);
		};
/* End PBXProject section */

/* Begin PBXResourcesBuildPhase section */
		3AC9EAF12B003D8B00CDC88F /* Resources */ = {
			isa = PBXResourcesBuildPhase;
			buildActionMask = 2147483647;
			files = (
				3AC9EAFF2B003D8C00CDC88F /* Preview Assets.xcassets in Resources */,
				3AC9EAFB2B003D8C00CDC88F /* Assets.xcassets in Resources */,
			);
			runOnlyForDeploymentPostprocessing = 0;
		};
		3AC9EB022B003D8C00CDC88F /* Resources */ = {
			isa = PBXResourcesBuildPhase;
			buildActionMask = 2147483647;
			files = (
			);
			runOnlyForDeploymentPostprocessing = 0;
		};
		3AC9EB0C2B003D8C00CDC88F /* Resources */ = {
			isa = PBXResourcesBuildPhase;
			buildActionMask = 2147483647;
			files = (
			);
			runOnlyForDeploymentPostprocessing = 0;
		};
/* End PBXResourcesBuildPhase section */

/* Begin PBXSourcesBuildPhase section */
		3AC9EAEF2B003D8B00CDC88F /* Sources */ = {
			isa = PBXSourcesBuildPhase;
			buildActionMask = 2147483647;
			files = (
				3AC9EAF92B003D8B00CDC88F /* ContentView.swift in Sources */,
				3AC9EAF72B003D8B00CDC88F /* IntegralEyesightApp.swift in Sources */,
			);
			runOnlyForDeploymentPostprocessing = 0;
		};
		3AC9EB002B003D8C00CDC88F /* Sources */ = {
			isa = PBXSourcesBuildPhase;
			buildActionMask = 2147483647;
			files = (
				3AC9EB092B003D8C00CDC88F /* IntegralEyesightTests.swift in Sources */,
			);
			runOnlyForDeploymentPostprocessing = 0;
		};
		3AC9EB0A2B003D8C00CDC88F /* Sources */ = {
			isa = PBXSourcesBuildPhase;
			buildActionMask = 2147483647;
			files = (
				3AC9EB152B003D8C00CDC88F /* IntegralEyesightUITestsLaunchTests.swift in Sources */,
				3AC9EB132B003D8C00CDC88F /* IntegralEyesightUITests.swift in Sources */,
			);
			runOnlyForDeploymentPostprocessing = 0;
		};
/* End PBXSourcesBuildPhase section */

/* Begin PBXTargetDependency section */
		3AC9EB062B003D8C00CDC88F /* PBXTargetDependency */ = {
			isa = PBXTargetDependency;
			target = 3AC9EAF22B003D8B00CDC88F /* IntegralEyesight */;
			targetProxy = 3AC9EB052B003D8C00CDC88F /* PBXContainerItemProxy */;
		};
		3AC9EB102B003D8C00CDC88F /* PBXTargetDependency */ = {
			isa = PBXTargetDependency;
			target = 3AC9EAF22B003D8B00CDC88F /* IntegralEyesight */;
			targetProxy = 3AC9EB0F2B003D8C00CDC88F /* PBXContainerItemProxy */;
		};
/* End PBXTargetDependency section */

/* Begin XCBuildConfiguration section */
		3AC9EB162B003D8C00CDC88F /* Debug */ = {
			isa = XCBuildConfiguration;
			buildSettings = {
				ALWAYS_SEARCH_USER_PATHS = NO;
				ASSETCATALOG_COMPILER_GENERATE_SWIFT_ASSET_SYMBOL_EXTENSIONS = YES;
				CLANG_ANALYZER_NONNULL = YES;
				CLANG_ANALYZER_NUMBER_OBJECT_CONVERSION = YES_AGGRESSIVE;
				CLANG_CXX_LANGUAGE_STANDARD = "gnu++20";
				CLANG_ENABLE_MODULES = YES;
				CLANG_ENABLE_OBJC_ARC = YES;
				CLANG_ENABLE_OBJC_WEAK = YES;
				CLANG_WARN_BLOCK_CAPTURE_AUTORELEASING = YES;
				CLANG_WARN_BOOL_CONVERSION = YES;
				CLANG_WARN_COMMA = YES;
				CLANG_WARN_CONSTANT_CONVERSION = YES;
				CLANG_WARN_DEPRECATED_OBJC_IMPLEMENTATIONS = YES;
				CLANG_WARN_DIRECT_OBJC_ISA_USAGE = YES_ERROR;
				CLANG_WARN_DOCUMENTATION_COMMENTS = YES;
				CLANG_WARN_EMPTY_BODY = YES;
				CLANG_WARN_ENUM_CONVERSION = YES;
				CLANG_WARN_INFINITE_RECURSION = YES;
				CLANG_WARN_INT_CONVERSION = YES;
				CLANG_WARN_NON_LITERAL_NULL_CONVERSION = YES;
				CLANG_WARN_OBJC_IMPLICIT_RETAIN_SELF = YES;
				CLANG_WARN_OBJC_LITERAL_CONVERSION = YES;
				CLANG_WARN_OBJC_ROOT_CLASS = YES_ERROR;
				CLANG_WARN_QUOTED_INCLUDE_IN_FRAMEWORK_HEADER = YES;
				CLANG_WARN_RANGE_LOOP_ANALYSIS = YES;
				CLANG_WARN_STRICT_PROTOTYPES = YES;
				CLANG_WARN_SUSPICIOUS_MOVE = YES;
				CLANG_WARN_UNGUARDED_AVAILABILITY = YES_AGGRESSIVE;
				CLANG_WARN_UNREACHABLE_CODE = YES;
				CLANG_WARN__DUPLICATE_METHOD_MATCH = YES;
				COPY_PHASE_STRIP = NO;
				DEBUG_INFORMATION_FORMAT = dwarf;
				ENABLE_STRICT_OBJC_MSGSEND = YES;
				ENABLE_TESTABILITY = YES;
				ENABLE_USER_SCRIPT_SANDBOXING = YES;
				GCC_C_LANGUAGE_STANDARD = gnu17;
				GCC_DYNAMIC_NO_PIC = NO;
				GCC_NO_COMMON_BLOCKS = YES;
				GCC_OPTIMIZATION_LEVEL = 0;
				GCC_PREPROCESSOR_DEFINITIONS = (
					"DEBUG=1",
					"$(inherited)",
				);
				GCC_WARN_64_TO_32_BIT_CONVERSION = YES;
				GCC_WARN_ABOUT_RETURN_TYPE = YES_ERROR;
				GCC_WARN_UNDECLARED_SELECTOR = YES;
				GCC_WARN_UNINITIALIZED_AUTOS = YES_AGGRESSIVE;
				GCC_WARN_UNUSED_FUNCTION = YES;
				GCC_WARN_UNUSED_VARIABLE = YES;
				LOCALIZATION_PREFERS_STRING_CATALOGS = YES;
				MTL_ENABLE_DEBUG_INFO = INCLUDE_SOURCE;
				MTL_FAST_MATH = YES;
				ONLY_ACTIVE_ARCH = YES;
				SWIFT_ACTIVE_COMPILATION_CONDITIONS = "DEBUG $(inherited)";
				SWIFT_OPTIMIZATION_LEVEL = "-Onone";
			};
			name = Debug;
		};
		3AC9EB172B003D8C00CDC88F /* Release */ = {
			isa = XCBuildConfiguration;
			buildSettings = {
				ALWAYS_SEARCH_USER_PATHS = NO;
				ASSETCATALOG_COMPILER_GENERATE_SWIFT_ASSET_SYMBOL_EXTENSIONS = YES;
				CLANG_ANALYZER_NONNULL = YES;
				CLANG_ANALYZER_NUMBER_OBJECT_CONVERSION = YES_AGGRESSIVE;
				CLANG_CXX_LANGUAGE_STANDARD = "gnu++20";
				CLANG_ENABLE_MODULES = YES;
				CLANG_ENABLE_OBJC_ARC = YES;
				CLANG_ENABLE_OBJC_WEAK = YES;
				CLANG_WARN_BLOCK_CAPTURE_AUTORELEASING = YES;
				CLANG_WARN_BOOL_CONVERSION = YES;
				CLANG_WARN_COMMA = YES;
				CLANG_WARN_CONSTANT_CONVERSION = YES;
				CLANG_WARN_DEPRECATED_OBJC_IMPLEMENTATIONS = YES;
				CLANG_WARN_DIRECT_OBJC_ISA_USAGE = YES_ERROR;
				CLANG_WARN_DOCUMENTATION_COMMENTS = YES;
				CLANG_WARN_EMPTY_BODY = YES;
				CLANG_WARN_ENUM_CONVERSION = YES;
				CLANG_WARN_INFINITE_RECURSION = YES;
				CLANG_WARN_INT_CONVERSION = YES;
				CLANG_WARN_NON_LITERAL_NULL_CONVERSION = YES;
				CLANG_WARN_OBJC_IMPLICIT_RETAIN_SELF = YES;
				CLANG_WARN_OBJC_LITERAL_CONVERSION = YES;
				CLANG_WARN_OBJC_ROOT_CLASS = YES_ERROR;
				CLANG_WARN_QUOTED_INCLUDE_IN_FRAMEWORK_HEADER = YES;
				CLANG_WARN_RANGE_LOOP_ANALYSIS = YES;
				CLANG_WARN_STRICT_PROTOTYPES = YES;
				CLANG_WARN_SUSPICIOUS_MOVE = YES;
				CLANG_WARN_UNGUARDED_AVAILABILITY = YES_AGGRESSIVE;
				CLANG_WARN_UNREACHABLE_CODE = YES;
				CLANG_WARN__DUPLICATE_METHOD_MATCH = YES;
				COPY_PHASE_STRIP = NO;
				DEBUG_INFORMATION_FORMAT = "dwarf-with-dsym";
				ENABLE_NS_ASSERTIONS = NO;
				ENABLE_STRICT_OBJC_MSGSEND = YES;
				ENABLE_USER_SCRIPT_SANDBOXING = YES;
				GCC_C_LANGUAGE_STANDARD = gnu17;
				GCC_NO_COMMON_BLOCKS = YES;
				GCC_WARN_64_TO_32_BIT_CONVERSION = YES;
				GCC_WARN_ABOUT_RETURN_TYPE = YES_ERROR;
				GCC_WARN_UNDECLARED_SELECTOR = YES;
				GCC_WARN_UNINITIALIZED_AUTOS = YES_AGGRESSIVE;
				GCC_WARN_UNUSED_FUNCTION = YES;
				GCC_WARN_UNUSED_VARIABLE = YES;
				LOCALIZATION_PREFERS_STRING_CATALOGS = YES;
				MTL_ENABLE_DEBUG_INFO = NO;
				MTL_FAST_MATH = YES;
				SWIFT_COMPILATION_MODE = wholemodule;
			};
			name = Release;
		};
		3AC9EB192B003D8C00CDC88F /* Debug */ = {
			isa = XCBuildConfiguration;
			buildSettings = {
				ASSETCATALOG_COMPILER_APPICON_NAME = AppIcon;
				ASSETCATALOG_COMPILER_GLOBAL_ACCENT_COLOR_NAME = AccentColor;
				CODE_SIGN_ENTITLEMENTS = IntegralEyesight/IntegralEyesight.entitlements;
				CODE_SIGN_STYLE = Automatic;
				CURRENT_PROJECT_VERSION = 1;
				DEVELOPMENT_ASSET_PATHS = "\"IntegralEyesight/Preview Content\"";
				ENABLE_PREVIEWS = YES;
				GENERATE_INFOPLIST_FILE = YES;
				"INFOPLIST_KEY_UIApplicationSceneManifest_Generation[sdk=iphoneos*]" = YES;
				"INFOPLIST_KEY_UIApplicationSceneManifest_Generation[sdk=iphonesimulator*]" = YES;
				"INFOPLIST_KEY_UIApplicationSupportsIndirectInputEvents[sdk=iphoneos*]" = YES;
				"INFOPLIST_KEY_UIApplicationSupportsIndirectInputEvents[sdk=iphonesimulator*]" = YES;
				"INFOPLIST_KEY_UILaunchScreen_Generation[sdk=iphoneos*]" = YES;
				"INFOPLIST_KEY_UILaunchScreen_Generation[sdk=iphonesimulator*]" = YES;
				"INFOPLIST_KEY_UIStatusBarStyle[sdk=iphoneos*]" = UIStatusBarStyleDefault;
				"INFOPLIST_KEY_UIStatusBarStyle[sdk=iphonesimulator*]" = UIStatusBarStyleDefault;
				INFOPLIST_KEY_UISupportedInterfaceOrientations_iPad = "UIInterfaceOrientationPortrait UIInterfaceOrientationPortraitUpsideDown UIInterfaceOrientationLandscapeLeft UIInterfaceOrientationLandscapeRight";
				INFOPLIST_KEY_UISupportedInterfaceOrientations_iPhone = "UIInterfaceOrientationPortrait UIInterfaceOrientationLandscapeLeft UIInterfaceOrientationLandscapeRight";
				IPHONEOS_DEPLOYMENT_TARGET = 17.0;
				LD_RUNPATH_SEARCH_PATHS = "@executable_path/Frameworks";
				"LD_RUNPATH_SEARCH_PATHS[sdk=macosx*]" = "@executable_path/../Frameworks";
				MACOSX_DEPLOYMENT_TARGET = 14.0;
				MARKETING_VERSION = 1.0;
				PRODUCT_BUNDLE_IDENTIFIER = com.integraleyesight.IntegralEyesight;
				PRODUCT_NAME = "$(TARGET_NAME)";
				SDKROOT = auto;
				SUPPORTED_PLATFORMS = "iphoneos iphonesimulator macosx";
				SWIFT_EMIT_LOC_STRINGS = YES;
				SWIFT_VERSION = 5.0;
				TARGETED_DEVICE_FAMILY = "1,2";
			};
			name = Debug;
		};
		3AC9EB1A2B003D8C00CDC88F /* Release */ = {
			isa = XCBuildConfiguration;
			buildSettings = {
				ASSETCATALOG_COMPILER_APPICON_NAME = AppIcon;
				ASSETCATALOG_COMPILER_GLOBAL_ACCENT_COLOR_NAME = AccentColor;
				CODE_SIGN_ENTITLEMENTS = IntegralEyesight/IntegralEyesight.entitlements;
				CODE_SIGN_STYLE = Automatic;
				CURRENT_PROJECT_VERSION = 1;
				DEVELOPMENT_ASSET_PATHS = "\"IntegralEyesight/Preview Content\"";
				ENABLE_PREVIEWS = YES;
				GENERATE_INFOPLIST_FILE = YES;
				"INFOPLIST_KEY_UIApplicationSceneManifest_Generation[sdk=iphoneos*]" = YES;
				"INFOPLIST_KEY_UIApplicationSceneManifest_Generation[sdk=iphonesimulator*]" = YES;
				"INFOPLIST_KEY_UIApplicationSupportsIndirectInputEvents[sdk=iphoneos*]" = YES;
				"INFOPLIST_KEY_UIApplicationSupportsIndirectInputEvents[sdk=iphonesimulator*]" = YES;
				"INFOPLIST_KEY_UILaunchScreen_Generation[sdk=iphoneos*]" = YES;
				"INFOPLIST_KEY_UILaunchScreen_Generation[sdk=iphonesimulator*]" = YES;
				"INFOPLIST_KEY_UIStatusBarStyle[sdk=iphoneos*]" = UIStatusBarStyleDefault;
				"INFOPLIST_KEY_UIStatusBarStyle[sdk=iphonesimulator*]" = UIStatusBarStyleDefault;
				INFOPLIST_KEY_UISupportedInterfaceOrientations_iPad = "UIInterfaceOrientationPortrait UIInterfaceOrientationPortraitUpsideDown UIInterfaceOrientationLandscapeLeft UIInterfaceOrientationLandscapeRight";
				INFOPLIST_KEY_UISupportedInterfaceOrientations_iPhone = "UIInterfaceOrientationPortrait UIInterfaceOrientationLandscapeLeft UIInterfaceOrientationLandscapeRight";
				IPHONEOS_DEPLOYMENT_TARGET = 17.0;
				LD_RUNPATH_SEARCH_PATHS = "@executable_path/Frameworks";
				"LD_RUNPATH_SEARCH_PATHS[sdk=macosx*]" = "@executable_path/../Frameworks";
				MACOSX_DEPLOYMENT_TARGET = 14.0;
				MARKETING_VERSION = 1.0;
				PRODUCT_BUNDLE_IDENTIFIER = com.integraleyesight.IntegralEyesight;
				PRODUCT_NAME = "$(TARGET_NAME)";
				SDKROOT = auto;
				SUPPORTED_PLATFORMS = "iphoneos iphonesimulator macosx";
				SWIFT_EMIT_LOC_STRINGS = YES;
				SWIFT_VERSION = 5.0;
				TARGETED_DEVICE_FAMILY = "1,2";
			};
			name = Release;
		};
		3AC9EB1C2B003D8C00CDC88F /* Debug */ = {
			isa = XCBuildConfiguration;
			buildSettings = {
				ALWAYS_EMBED_SWIFT_STANDARD_LIBRARIES = YES;
				BUNDLE_LOADER = "$(TEST_HOST)";
				CODE_SIGN_STYLE = Automatic;
				CURRENT_PROJECT_VERSION = 1;
				GENERATE_INFOPLIST_FILE = YES;
				IPHONEOS_DEPLOYMENT_TARGET = 17.0;
				MACOSX_DEPLOYMENT_TARGET = 14.0;
				MARKETING_VERSION = 1.0;
				PRODUCT_BUNDLE_IDENTIFIER = com.integraleyesight.IntegralEyesightTests;
				PRODUCT_NAME = "$(TARGET_NAME)";
				SDKROOT = auto;
				SUPPORTED_PLATFORMS = "iphoneos iphonesimulator macosx";
				SWIFT_EMIT_LOC_STRINGS = NO;
				SWIFT_VERSION = 5.0;
				TARGETED_DEVICE_FAMILY = "1,2";
				TEST_HOST = "$(BUILT_PRODUCTS_DIR)/IntegralEyesight.app/$(BUNDLE_EXECUTABLE_FOLDER_PATH)/IntegralEyesight";
			};
			name = Debug;
		};
		3AC9EB1D2B003D8C00CDC88F /* Release */ = {
			isa = XCBuildConfiguration;
			buildSettings = {
				ALWAYS_EMBED_SWIFT_STANDARD_LIBRARIES = YES;
				BUNDLE_LOADER = "$(TEST_HOST)";
				CODE_SIGN_STYLE = Automatic;
				CURRENT_PROJECT_VERSION = 1;
				GENERATE_INFOPLIST_FILE = YES;
				IPHONEOS_DEPLOYMENT_TARGET = 17.0;
				MACOSX_DEPLOYMENT_TARGET = 14.0;
				MARKETING_VERSION = 1.0;
				PRODUCT_BUNDLE_IDENTIFIER = com.integraleyesight.IntegralEyesightTests;
				PRODUCT_NAME = "$(TARGET_NAME)";
				SDKROOT = auto;
				SUPPORTED_PLATFORMS = "iphoneos iphonesimulator macosx";
				SWIFT_EMIT_LOC_STRINGS = NO;
				SWIFT_VERSION = 5.0;
				TARGETED_DEVICE_FAMILY = "1,2";
				TEST_HOST = "$(BUILT_PRODUCTS_DIR)/IntegralEyesight.app/$(BUNDLE_EXECUTABLE_FOLDER_PATH)/IntegralEyesight";
			};
			name = Release;
		};
		3AC9EB1F2B003D8C00CDC88F /* Debug */ = {
			isa = XCBuildConfiguration;
			buildSettings = {
				ALWAYS_EMBED_SWIFT_STANDARD_LIBRARIES = YES;
				CODE_SIGN_STYLE = Automatic;
				CURRENT_PROJECT_VERSION = 1;
				GENERATE_INFOPLIST_FILE = YES;
				IPHONEOS_DEPLOYMENT_TARGET = 17.0;
				MACOSX_DEPLOYMENT_TARGET = 14.0;
				MARKETING_VERSION = 1.0;
				PRODUCT_BUNDLE_IDENTIFIER = com.integraleyesight.IntegralEyesightUITests;
				PRODUCT_NAME = "$(TARGET_NAME)";
				SDKROOT = auto;
				SUPPORTED_PLATFORMS = "iphoneos iphonesimulator macosx";
				SWIFT_EMIT_LOC_STRINGS = NO;
				SWIFT_VERSION = 5.0;
				TARGETED_DEVICE_FAMILY = "1,2";
				TEST_TARGET_NAME = IntegralEyesight;
			};
			name = Debug;
		};
		3AC9EB202B003D8C00CDC88F /* Release */ = {
			isa = XCBuildConfiguration;
			buildSettings = {
				ALWAYS_EMBED_SWIFT_STANDARD_LIBRARIES = YES;
				CODE_SIGN_STYLE = Automatic;
				CURRENT_PROJECT_VERSION = 1;
				GENERATE_INFOPLIST_FILE = YES;
				IPHONEOS_DEPLOYMENT_TARGET = 17.0;
				MACOSX_DEPLOYMENT_TARGET = 14.0;
				MARKETING_VERSION = 1.0;
				PRODUCT_BUNDLE_IDENTIFIER = com.integraleyesight.IntegralEyesightUITests;
				PRODUCT_NAME = "$(TARGET_NAME)";
				SDKROOT = auto;
				SUPPORTED_PLATFORMS = "iphoneos iphonesimulator macosx";
				SWIFT_EMIT_LOC_STRINGS = NO;
				SWIFT_VERSION = 5.0;
				TARGETED_DEVICE_FAMILY = "1,2";
				TEST_TARGET_NAME = IntegralEyesight;
			};
			name = Release;
		};
/* End XCBuildConfiguration section */

/* Begin XCConfigurationList section */
		3AC9EAEE2B003D8B00CDC88F /* Build configuration list for PBXProject "IntegralEyesight" */ = {
			isa = XCConfigurationList;
			buildConfigurations = (
				3AC9EB162B003D8C00CDC88F /* Debug */,
				3AC9EB172B003D8C00CDC88F /* Release */,
			);
			defaultConfigurationIsVisible = 0;
			defaultConfigurationName = Release;
		};
		3AC9EB182B003D8C00CDC88F /* Build configuration list for PBXNativeTarget "IntegralEyesight" */ = {
			isa = XCConfigurationList;
			buildConfigurations = (
				3AC9EB192B003D8C00CDC88F /* Debug */,
				3AC9EB1A2B003D8C00CDC88F /* Release */,
			);
			defaultConfigurationIsVisible = 0;
			defaultConfigurationName = Release;
		};
		3AC9EB1B2B003D8C00CDC88F /* Build configuration list for PBXNativeTarget "IntegralEyesightTests" */ = {
			isa = XCConfigurationList;
			buildConfigurations = (
				3AC9EB1C2B003D8C00CDC88F /* Debug */,
				3AC9EB1D2B003D8C00CDC88F /* Release */,
			);
			defaultConfigurationIsVisible = 0;
			defaultConfigurationName = Release;
		};
		3AC9EB1E2B003D8C00CDC88F /* Build configuration list for PBXNativeTarget "IntegralEyesightUITests" */ = {
			isa = XCConfigurationList;
			buildConfigurations = (
				3AC9EB1F2B003D8C00CDC88F /* Debug */,
				3AC9EB202B003D8C00CDC88F /* Release */,
			);
			defaultConfigurationIsVisible = 0;
			defaultConfigurationName = Release;
		};
/* End XCConfigurationList section */
	};
	rootObject = 3AC9EAEB2B003D8B00CDC88F /* Project object */;
}
