// !$*UTF8*$!
{
	archiveVersion = 1;
	classes = {
	};
	objectVersion = 56;
	objects = {

/* Begin PBXBuildFile section */
		3AC9EAF72B003D8B00CDC88F /* IntegralEyesightApp.swift in Sources */ = {isa = PBXBuildFile; fileRef = 3AC9EAF62B003D8B00CDC88F /* IntegralEyesightApp.swift */; };
		3AC9EAF92B003D8B00CDC88F /* BaseView.swift in Sources */ = {isa = PBXBuildFile; fileRef = 3AC9EAF82B003D8B00CDC88F /* BaseView.swift */; };
		3AC9EAFB2B003D8C00CDC88F /* Assets.xcassets in Resources */ = {isa = PBXBuildFile; fileRef = 3AC9EAFA2B003D8C00CDC88F /* Assets.xcassets */; };
		3AC9EAFF2B003D8C00CDC88F /* Preview Assets.xcassets in Resources */ = {isa = PBXBuildFile; fileRef = 3AC9EAFE2B003D8C00CDC88F /* Preview Assets.xcassets */; };
		3AC9EB232B0A75E500CDC88F /* ColorTheme.swift in Sources */ = {isa = PBXBuildFile; fileRef = 3AC9EB222B0A75E500CDC88F /* ColorTheme.swift */; };
		3AC9EB292B0A80EE00CDC88F /* HomeView.swift in Sources */ = {isa = PBXBuildFile; fileRef = 3AC9EB282B0A80EE00CDC88F /* HomeView.swift */; };
		3AC9EB2D2B0A992600CDC88F /* FavoritesView.swift in Sources */ = {isa = PBXBuildFile; fileRef = 3AC9EB2C2B0A992600CDC88F /* FavoritesView.swift */; };
		3AC9EB322B10ECD300CDC88F /* Vimeo-Info.plist in Resources */ = {isa = PBXBuildFile; fileRef = 3AC9EB312B10ECD300CDC88F /* Vimeo-Info.plist */; };
		3AC9EB342B10EEEC00CDC88F /* VimeoViewModel.swift in Sources */ = {isa = PBXBuildFile; fileRef = 3AC9EB332B10EEEC00CDC88F /* VimeoViewModel.swift */; };
		3AC9EB362B10EFD000CDC88F /* ProgressView.swift in Sources */ = {isa = PBXBuildFile; fileRef = 3AC9EB352B10EFD000CDC88F /* ProgressView.swift */; };
		3AC9EB382B10F1A400CDC88F /* VimeoData.swift in Sources */ = {isa = PBXBuildFile; fileRef = 3AC9EB372B10F1A400CDC88F /* VimeoData.swift */; };
		3AC9EB3D2B1143C100CDC88F /* CourseView.swift in Sources */ = {isa = PBXBuildFile; fileRef = 3AC9EB3C2B1143C100CDC88F /* CourseView.swift */; };
		3AC9EB402B1144CE00CDC88F /* CourseCardView.swift in Sources */ = {isa = PBXBuildFile; fileRef = 3AC9EB3F2B1144CE00CDC88F /* CourseCardView.swift */; };
		3AC9EB422B129A3300CDC88F /* ProfilePictureView.swift in Sources */ = {isa = PBXBuildFile; fileRef = 3AC9EB412B129A3300CDC88F /* ProfilePictureView.swift */; };
		3AC9EB442B129F3B00CDC88F /* AnnouncementView.swift in Sources */ = {isa = PBXBuildFile; fileRef = 3AC9EB432B129F3B00CDC88F /* AnnouncementView.swift */; };
		3AC9EB472B13982000CDC88F /* ProfileView.swift in Sources */ = {isa = PBXBuildFile; fileRef = 3AC9EB462B13982000CDC88F /* ProfileView.swift */; };
		3AC9EB492B139A0B00CDC88F /* Extensions.swift in Sources */ = {isa = PBXBuildFile; fileRef = 3AC9EB482B139A0B00CDC88F /* Extensions.swift */; };
		3AC9EB4B2B139E6900CDC88F /* CourseDetailedView.swift in Sources */ = {isa = PBXBuildFile; fileRef = 3AC9EB4A2B139E6900CDC88F /* CourseDetailedView.swift */; };
		3AC9EB4D2B13FAA700CDC88F /* VideoCardView.swift in Sources */ = {isa = PBXBuildFile; fileRef = 3AC9EB4C2B13FAA700CDC88F /* VideoCardView.swift */; };
		3AC9EB4F2B140A9900CDC88F /* VideoView.swift in Sources */ = {isa = PBXBuildFile; fileRef = 3AC9EB4E2B140A9900CDC88F /* VideoView.swift */; };
		3AC9EB552B15662600CDC88F /* FavoriteVideosViewModel.swift in Sources */ = {isa = PBXBuildFile; fileRef = 3AC9EB542B15662600CDC88F /* FavoriteVideosViewModel.swift */; };
		3AC9EB572B16C5FA00CDC88F /* VimeoServiceProtocol.swift in Sources */ = {isa = PBXBuildFile; fileRef = 3AC9EB562B16C5FA00CDC88F /* VimeoServiceProtocol.swift */; };
		3AC9EB5A2B16C79300CDC88F /* VimeoService.swift in Sources */ = {isa = PBXBuildFile; fileRef = 3AC9EB592B16C79300CDC88F /* VimeoService.swift */; };
		3AC9EB5D2B16DF5500CDC88F /* MockVimeoService.swift in Sources */ = {isa = PBXBuildFile; fileRef = 3AC9EB5B2B16DF2600CDC88F /* MockVimeoService.swift */; };
		3AC9EB602B18245300CDC88F /* FavoritesStorageServiceProtocol.swift in Sources */ = {isa = PBXBuildFile; fileRef = 3AC9EB5F2B18245300CDC88F /* FavoritesStorageServiceProtocol.swift */; };
		3AC9EB622B1824A600CDC88F /* FavoritesStorageService.swift in Sources */ = {isa = PBXBuildFile; fileRef = 3AC9EB612B1824A600CDC88F /* FavoritesStorageService.swift */; };
		3AC9EB662B18281600CDC88F /* MockFavoritesStorageService.swift in Sources */ = {isa = PBXBuildFile; fileRef = 3AC9EB652B18281600CDC88F /* MockFavoritesStorageService.swift */; };
		3AC9EB8A2B1838FA00CDC88F /* VimeoServiceTests.swift in Sources */ = {isa = PBXBuildFile; fileRef = 3AC9EB082B003D8C00CDC88F /* VimeoServiceTests.swift */; };
		3AC9EB8B2B1838FF00CDC88F /* FavoriteVideosTests.swift in Sources */ = {isa = PBXBuildFile; fileRef = 3AC9EB632B18272100CDC88F /* FavoriteVideosTests.swift */; };
		3AC9EB8D2B19615A00CDC88F /* Launch Screen.storyboard in Resources */ = {isa = PBXBuildFile; fileRef = 3AC9EB8C2B19615A00CDC88F /* Launch Screen.storyboard */; };
/* End PBXBuildFile section */

/* Begin PBXContainerItemProxy section */
		3AC9EB852B18376F00CDC88F /* PBXContainerItemProxy */ = {
			isa = PBXContainerItemProxy;
			containerPortal = 3AC9EAEB2B003D8B00CDC88F /* Project object */;
			proxyType = 1;
			remoteGlobalIDString = 3AC9EAF22B003D8B00CDC88F;
			remoteInfo = IntegralEyesight;
		};
/* End PBXContainerItemProxy section */

/* Begin PBXFileReference section */
		3AC9EAF32B003D8B00CDC88F /* IntegralEyesight.app */ = {isa = PBXFileReference; explicitFileType = wrapper.application; includeInIndex = 0; path = IntegralEyesight.app; sourceTree = BUILT_PRODUCTS_DIR; };
		3AC9EAF62B003D8B00CDC88F /* IntegralEyesightApp.swift */ = {isa = PBXFileReference; lastKnownFileType = sourcecode.swift; path = IntegralEyesightApp.swift; sourceTree = "<group>"; };
		3AC9EAF82B003D8B00CDC88F /* BaseView.swift */ = {isa = PBXFileReference; lastKnownFileType = sourcecode.swift; path = BaseView.swift; sourceTree = "<group>"; };
		3AC9EAFA2B003D8C00CDC88F /* Assets.xcassets */ = {isa = PBXFileReference; lastKnownFileType = folder.assetcatalog; path = Assets.xcassets; sourceTree = "<group>"; };
		3AC9EAFC2B003D8C00CDC88F /* IntegralEyesight.entitlements */ = {isa = PBXFileReference; lastKnownFileType = text.plist.entitlements; path = IntegralEyesight.entitlements; sourceTree = "<group>"; };
		3AC9EAFE2B003D8C00CDC88F /* Preview Assets.xcassets */ = {isa = PBXFileReference; lastKnownFileType = folder.assetcatalog; path = "Preview Assets.xcassets"; sourceTree = "<group>"; };
		3AC9EB082B003D8C00CDC88F /* VimeoServiceTests.swift */ = {isa = PBXFileReference; lastKnownFileType = sourcecode.swift; path = VimeoServiceTests.swift; sourceTree = "<group>"; };
		3AC9EB222B0A75E500CDC88F /* ColorTheme.swift */ = {isa = PBXFileReference; lastKnownFileType = sourcecode.swift; path = ColorTheme.swift; sourceTree = "<group>"; };
		3AC9EB282B0A80EE00CDC88F /* HomeView.swift */ = {isa = PBXFileReference; lastKnownFileType = sourcecode.swift; path = HomeView.swift; sourceTree = "<group>"; };
		3AC9EB2C2B0A992600CDC88F /* FavoritesView.swift */ = {isa = PBXFileReference; lastKnownFileType = sourcecode.swift; path = FavoritesView.swift; sourceTree = "<group>"; };
		3AC9EB312B10ECD300CDC88F /* Vimeo-Info.plist */ = {isa = PBXFileReference; lastKnownFileType = text.plist.xml; path = "Vimeo-Info.plist"; sourceTree = "<group>"; };
		3AC9EB332B10EEEC00CDC88F /* VimeoViewModel.swift */ = {isa = PBXFileReference; lastKnownFileType = sourcecode.swift; path = VimeoViewModel.swift; sourceTree = "<group>"; };
		3AC9EB352B10EFD000CDC88F /* ProgressView.swift */ = {isa = PBXFileReference; lastKnownFileType = sourcecode.swift; path = ProgressView.swift; sourceTree = "<group>"; };
		3AC9EB372B10F1A400CDC88F /* VimeoData.swift */ = {isa = PBXFileReference; lastKnownFileType = sourcecode.swift; path = VimeoData.swift; sourceTree = "<group>"; };
		3AC9EB3C2B1143C100CDC88F /* CourseView.swift */ = {isa = PBXFileReference; lastKnownFileType = sourcecode.swift; path = CourseView.swift; sourceTree = "<group>"; };
		3AC9EB3F2B1144CE00CDC88F /* CourseCardView.swift */ = {isa = PBXFileReference; lastKnownFileType = sourcecode.swift; path = CourseCardView.swift; sourceTree = "<group>"; };
		3AC9EB412B129A3300CDC88F /* ProfilePictureView.swift */ = {isa = PBXFileReference; lastKnownFileType = sourcecode.swift; path = ProfilePictureView.swift; sourceTree = "<group>"; };
		3AC9EB432B129F3B00CDC88F /* AnnouncementView.swift */ = {isa = PBXFileReference; lastKnownFileType = sourcecode.swift; path = AnnouncementView.swift; sourceTree = "<group>"; };
		3AC9EB462B13982000CDC88F /* ProfileView.swift */ = {isa = PBXFileReference; lastKnownFileType = sourcecode.swift; path = ProfileView.swift; sourceTree = "<group>"; };
		3AC9EB482B139A0B00CDC88F /* Extensions.swift */ = {isa = PBXFileReference; lastKnownFileType = sourcecode.swift; path = Extensions.swift; sourceTree = "<group>"; };
		3AC9EB4A2B139E6900CDC88F /* CourseDetailedView.swift */ = {isa = PBXFileReference; lastKnownFileType = sourcecode.swift; path = CourseDetailedView.swift; sourceTree = "<group>"; };
		3AC9EB4C2B13FAA700CDC88F /* VideoCardView.swift */ = {isa = PBXFileReference; lastKnownFileType = sourcecode.swift; path = VideoCardView.swift; sourceTree = "<group>"; };
		3AC9EB4E2B140A9900CDC88F /* VideoView.swift */ = {isa = PBXFileReference; lastKnownFileType = sourcecode.swift; path = VideoView.swift; sourceTree = "<group>"; };
		3AC9EB542B15662600CDC88F /* FavoriteVideosViewModel.swift */ = {isa = PBXFileReference; lastKnownFileType = sourcecode.swift; path = FavoriteVideosViewModel.swift; sourceTree = "<group>"; };
		3AC9EB562B16C5FA00CDC88F /* VimeoServiceProtocol.swift */ = {isa = PBXFileReference; lastKnownFileType = sourcecode.swift; path = VimeoServiceProtocol.swift; sourceTree = "<group>"; };
		3AC9EB592B16C79300CDC88F /* VimeoService.swift */ = {isa = PBXFileReference; lastKnownFileType = sourcecode.swift; path = VimeoService.swift; sourceTree = "<group>"; };
		3AC9EB5B2B16DF2600CDC88F /* MockVimeoService.swift */ = {isa = PBXFileReference; lastKnownFileType = sourcecode.swift; path = MockVimeoService.swift; sourceTree = "<group>"; };
		3AC9EB5F2B18245300CDC88F /* FavoritesStorageServiceProtocol.swift */ = {isa = PBXFileReference; lastKnownFileType = sourcecode.swift; path = FavoritesStorageServiceProtocol.swift; sourceTree = "<group>"; };
		3AC9EB612B1824A600CDC88F /* FavoritesStorageService.swift */ = {isa = PBXFileReference; lastKnownFileType = sourcecode.swift; path = FavoritesStorageService.swift; sourceTree = "<group>"; };
		3AC9EB632B18272100CDC88F /* FavoriteVideosTests.swift */ = {isa = PBXFileReference; lastKnownFileType = sourcecode.swift; path = FavoriteVideosTests.swift; sourceTree = "<group>"; };
		3AC9EB652B18281600CDC88F /* MockFavoritesStorageService.swift */ = {isa = PBXFileReference; lastKnownFileType = sourcecode.swift; path = MockFavoritesStorageService.swift; sourceTree = "<group>"; };
		3AC9EB812B18376F00CDC88F /* IntegralEyesightTests.xctest */ = {isa = PBXFileReference; explicitFileType = wrapper.cfbundle; includeInIndex = 0; path = IntegralEyesightTests.xctest; sourceTree = BUILT_PRODUCTS_DIR; };
		3AC9EB8C2B19615A00CDC88F /* Launch Screen.storyboard */ = {isa = PBXFileReference; lastKnownFileType = file.storyboard; path = "Launch Screen.storyboard"; sourceTree = "<group>"; };
/* End PBXFileReference section */

/* Begin PBXFrameworksBuildPhase section */
		3AC9EAF02B003D8B00CDC88F /* Frameworks */ = {
			isa = PBXFrameworksBuildPhase;
			buildActionMask = 2147483647;
			files = (
			);
			runOnlyForDeploymentPostprocessing = 0;
		};
		3AC9EB7E2B18376F00CDC88F /* Frameworks */ = {
			isa = PBXFrameworksBuildPhase;
			buildActionMask = 2147483647;
			files = (
			);
			runOnlyForDeploymentPostprocessing = 0;
		};
/* End PBXFrameworksBuildPhase section */

/* Begin PBXGroup section */
		3AC9EAEA2B003D8B00CDC88F = {
			isa = PBXGroup;
			children = (
				3AC9EB8C2B19615A00CDC88F /* Launch Screen.storyboard */,
				3AC9EAF52B003D8B00CDC88F /* IntegralEyesight */,
				3AC9EB072B003D8C00CDC88F /* IntegralEyesightTests */,
				3AC9EAF42B003D8B00CDC88F /* Products */,
			);
			sourceTree = "<group>";
		};
		3AC9EAF42B003D8B00CDC88F /* Products */ = {
			isa = PBXGroup;
			children = (
				3AC9EAF32B003D8B00CDC88F /* IntegralEyesight.app */,
				3AC9EB812B18376F00CDC88F /* IntegralEyesightTests.xctest */,
			);
			name = Products;
			sourceTree = "<group>";
		};
		3AC9EAF52B003D8B00CDC88F /* IntegralEyesight */ = {
			isa = PBXGroup;
			children = (
				3AC9EB452B13980400CDC88F /* ViewComponents */,
				3AC9EB252B0A7C3100CDC88F /* Models */,
				3AC9EB262B0A7C3700CDC88F /* ViewModels */,
				3AC9EB242B0A7C2500CDC88F /* Views */,
				3AC9EB272B0A7C4800CDC88F /* Utilities */,
				3AC9EB312B10ECD300CDC88F /* Vimeo-Info.plist */,
				3AC9EAFA2B003D8C00CDC88F /* Assets.xcassets */,
				3AC9EAFC2B003D8C00CDC88F /* IntegralEyesight.entitlements */,
				3AC9EAFD2B003D8C00CDC88F /* Preview Content */,
			);
			path = IntegralEyesight;
			sourceTree = "<group>";
		};
		3AC9EAFD2B003D8C00CDC88F /* Preview Content */ = {
			isa = PBXGroup;
			children = (
				3AC9EAFE2B003D8C00CDC88F /* Preview Assets.xcassets */,
			);
			path = "Preview Content";
			sourceTree = "<group>";
		};
		3AC9EB072B003D8C00CDC88F /* IntegralEyesightTests */ = {
			isa = PBXGroup;
			children = (
				3AC9EB082B003D8C00CDC88F /* VimeoServiceTests.swift */,
				3AC9EB632B18272100CDC88F /* FavoriteVideosTests.swift */,
			);
			path = IntegralEyesightTests;
			sourceTree = "<group>";
		};
		3AC9EB242B0A7C2500CDC88F /* Views */ = {
			isa = PBXGroup;
			children = (
				3AC9EB4E2B140A9900CDC88F /* VideoView.swift */,
				3AC9EB4C2B13FAA700CDC88F /* VideoCardView.swift */,
				3AC9EB4A2B139E6900CDC88F /* CourseDetailedView.swift */,
				3AC9EAF62B003D8B00CDC88F /* IntegralEyesightApp.swift */,
				3AC9EAF82B003D8B00CDC88F /* BaseView.swift */,
				3AC9EB3C2B1143C100CDC88F /* CourseView.swift */,
				3AC9EB2E2B0A9C2A00CDC88F /* TabViews */,
			);
			path = Views;
			sourceTree = "<group>";
		};
		3AC9EB252B0A7C3100CDC88F /* Models */ = {
			isa = PBXGroup;
			children = (
				3AC9EB372B10F1A400CDC88F /* VimeoData.swift */,
			);
			path = Models;
			sourceTree = "<group>";
		};
		3AC9EB262B0A7C3700CDC88F /* ViewModels */ = {
			isa = PBXGroup;
			children = (
				3AC9EB5E2B18239000CDC88F /* FavoriteVideosService */,
				3AC9EB582B16C67F00CDC88F /* VimeoService */,
			);
			path = ViewModels;
			sourceTree = "<group>";
		};
		3AC9EB272B0A7C4800CDC88F /* Utilities */ = {
			isa = PBXGroup;
			children = (
				3AC9EB222B0A75E500CDC88F /* ColorTheme.swift */,
				3AC9EB482B139A0B00CDC88F /* Extensions.swift */,
			);
			path = Utilities;
			sourceTree = "<group>";
		};
		3AC9EB2E2B0A9C2A00CDC88F /* TabViews */ = {
			isa = PBXGroup;
			children = (
				3AC9EB282B0A80EE00CDC88F /* HomeView.swift */,
				3AC9EB2C2B0A992600CDC88F /* FavoritesView.swift */,
				3AC9EB352B10EFD000CDC88F /* ProgressView.swift */,
			);
			path = TabViews;
			sourceTree = "<group>";
		};
		3AC9EB452B13980400CDC88F /* ViewComponents */ = {
			isa = PBXGroup;
			children = (
				3AC9EB412B129A3300CDC88F /* ProfilePictureView.swift */,
				3AC9EB3F2B1144CE00CDC88F /* CourseCardView.swift */,
				3AC9EB462B13982000CDC88F /* ProfileView.swift */,
				3AC9EB432B129F3B00CDC88F /* AnnouncementView.swift */,
			);
			path = ViewComponents;
			sourceTree = "<group>";
		};
		3AC9EB582B16C67F00CDC88F /* VimeoService */ = {
			isa = PBXGroup;
			children = (
				3AC9EB5B2B16DF2600CDC88F /* MockVimeoService.swift */,
				3AC9EB332B10EEEC00CDC88F /* VimeoViewModel.swift */,
				3AC9EB562B16C5FA00CDC88F /* VimeoServiceProtocol.swift */,
				3AC9EB592B16C79300CDC88F /* VimeoService.swift */,
			);
			path = VimeoService;
			sourceTree = "<group>";
		};
		3AC9EB5E2B18239000CDC88F /* FavoriteVideosService */ = {
			isa = PBXGroup;
			children = (
				3AC9EB542B15662600CDC88F /* FavoriteVideosViewModel.swift */,
				3AC9EB5F2B18245300CDC88F /* FavoritesStorageServiceProtocol.swift */,
				3AC9EB612B1824A600CDC88F /* FavoritesStorageService.swift */,
				3AC9EB652B18281600CDC88F /* MockFavoritesStorageService.swift */,
			);
			path = FavoriteVideosService;
			sourceTree = "<group>";
		};
/* End PBXGroup section */

/* Begin PBXNativeTarget section */
		3AC9EAF22B003D8B00CDC88F /* IntegralEyesight */ = {
			isa = PBXNativeTarget;
			buildConfigurationList = 3AC9EB182B003D8C00CDC88F /* Build configuration list for PBXNativeTarget "IntegralEyesight" */;
			buildPhases = (
				3AC9EB212B098A7D00CDC88F /* Run Script */,
				3AC9EAEF2B003D8B00CDC88F /* Sources */,
				3AC9EAF02B003D8B00CDC88F /* Frameworks */,
				3AC9EAF12B003D8B00CDC88F /* Resources */,
				3AC9EB392B10FAD800CDC88F /* ShellScript */,
			);
			buildRules = (
			);
			dependencies = (
			);
			name = IntegralEyesight;
			productName = IntegralEyesight;
			productReference = 3AC9EAF32B003D8B00CDC88F /* IntegralEyesight.app */;
			productType = "com.apple.product-type.application";
		};
		3AC9EB802B18376F00CDC88F /* IntegralEyesightTests */ = {
			isa = PBXNativeTarget;
			buildConfigurationList = 3AC9EB872B18376F00CDC88F /* Build configuration list for PBXNativeTarget "IntegralEyesightTests" */;
			buildPhases = (
				3AC9EB7D2B18376F00CDC88F /* Sources */,
				3AC9EB7E2B18376F00CDC88F /* Frameworks */,
				3AC9EB7F2B18376F00CDC88F /* Resources */,
			);
			buildRules = (
			);
			dependencies = (
				3AC9EB862B18376F00CDC88F /* PBXTargetDependency */,
			);
			name = IntegralEyesightTests;
			productName = IntegralEyesightTests;
			productReference = 3AC9EB812B18376F00CDC88F /* IntegralEyesightTests.xctest */;
			productType = "com.apple.product-type.bundle.unit-test";
		};
/* End PBXNativeTarget section */

/* Begin PBXProject section */
		3AC9EAEB2B003D8B00CDC88F /* Project object */ = {
			isa = PBXProject;
			attributes = {
				BuildIndependentTargetsInParallel = 1;
				LastSwiftUpdateCheck = 1500;
				LastUpgradeCheck = 1500;
				TargetAttributes = {
					3AC9EAF22B003D8B00CDC88F = {
						CreatedOnToolsVersion = 15.0.1;
					};
					3AC9EB802B18376F00CDC88F = {
						CreatedOnToolsVersion = 15.0.1;
						TestTargetID = 3AC9EAF22B003D8B00CDC88F;
					};
				};
			};
			buildConfigurationList = 3AC9EAEE2B003D8B00CDC88F /* Build configuration list for PBXProject "IntegralEyesight" */;
			compatibilityVersion = "Xcode 14.0";
			developmentRegion = en;
			hasScannedForEncodings = 0;
			knownRegions = (
				en,
				Base,
			);
			mainGroup = 3AC9EAEA2B003D8B00CDC88F;
			productRefGroup = 3AC9EAF42B003D8B00CDC88F /* Products */;
			projectDirPath = "";
			projectRoot = "";
			targets = (
				3AC9EAF22B003D8B00CDC88F /* IntegralEyesight */,
				3AC9EB802B18376F00CDC88F /* IntegralEyesightTests */,
			);
		};
/* End PBXProject section */

/* Begin PBXResourcesBuildPhase section */
		3AC9EAF12B003D8B00CDC88F /* Resources */ = {
			isa = PBXResourcesBuildPhase;
			buildActionMask = 2147483647;
			files = (
				3AC9EAFF2B003D8C00CDC88F /* Preview Assets.xcassets in Resources */,
				3AC9EB322B10ECD300CDC88F /* Vimeo-Info.plist in Resources */,
				3AC9EB8D2B19615A00CDC88F /* Launch Screen.storyboard in Resources */,
				3AC9EAFB2B003D8C00CDC88F /* Assets.xcassets in Resources */,
			);
			runOnlyForDeploymentPostprocessing = 0;
		};
		3AC9EB7F2B18376F00CDC88F /* Resources */ = {
			isa = PBXResourcesBuildPhase;
			buildActionMask = 2147483647;
			files = (
			);
			runOnlyForDeploymentPostprocessing = 0;
		};
/* End PBXResourcesBuildPhase section */

/* Begin PBXShellScriptBuildPhase section */
		3AC9EB212B098A7D00CDC88F /* Run Script */ = {
			isa = PBXShellScriptBuildPhase;
			buildActionMask = 2147483647;
			files = (
			);
			inputFileListPaths = (
			);
			inputPaths = (
			);
			name = "Run Script";
			outputFileListPaths = (
			);
			outputPaths = (
			);
			runOnlyForDeploymentPostprocessing = 0;
			shellPath = /bin/sh;
			shellScript = "PATH=/opt/homebrew/bin:$PATH\nif [ -f ~/kodeko.yml]; then\n  if which swiftlint >/dev/null; then\n    swiftlint --no-cache --config ~/com.raywenderlich.swiftlint.yml\n  fi\nfi\n";
		};
		3AC9EB392B10FAD800CDC88F /* ShellScript */ = {
			isa = PBXShellScriptBuildPhase;
			buildActionMask = 2147483647;
			files = (
			);
			inputFileListPaths = (
			);
			inputPaths = (
			);
			outputFileListPaths = (
			);
			outputPaths = (
			);
			runOnlyForDeploymentPostprocessing = 0;
			shellPath = /bin/sh;
			shellScript = "# This script will create a Vimeo-Info.plist file when the project is first uploaded from github.\nCONFIG_FILE_BASE_NAME=\"Vimeo-Info\"\n\nCONFIG_FILE_NAME=${CONFIG_FILE_BASE_NAME}.plist\nSAMPLE_CONFIG_FILE_NAME=${CONFIG_FILE_BASE_NAME}-Sample.plist\n\nCONFIG_FILE_PATH=$SRCROOT/$PRODUCT_NAME/$CONFIG_FILE_NAME\nSAMPLE_CONFIG_FILE_PATH=$SRCROOT/$PRODUCT_NAME/$SAMPLE_CONFIG_FILE_NAME\n\nif [ -f \"$CONFIG_FILE_PATH\" ]; then\n  echo \"$CONFIG_FILE_PATH exists.\"\nelse\n  echo \"$CONFIG_FILE_PATH does not exist, copying sample\"\n  cp -v \"${SAMPLE_CONFIG_FILE_PATH}\" \"${CONFIG_FILE_PATH}\"\nfi\n";
		};
/* End PBXShellScriptBuildPhase section */

/* Begin PBXSourcesBuildPhase section */
		3AC9EAEF2B003D8B00CDC88F /* Sources */ = {
			isa = PBXSourcesBuildPhase;
			buildActionMask = 2147483647;
			files = (
				3AC9EB232B0A75E500CDC88F /* ColorTheme.swift in Sources */,
				3AC9EB402B1144CE00CDC88F /* CourseCardView.swift in Sources */,
				3AC9EB492B139A0B00CDC88F /* Extensions.swift in Sources */,
				3AC9EB292B0A80EE00CDC88F /* HomeView.swift in Sources */,
				3AC9EB2D2B0A992600CDC88F /* FavoritesView.swift in Sources */,
				3AC9EB662B18281600CDC88F /* MockFavoritesStorageService.swift in Sources */,
				3AC9EB4F2B140A9900CDC88F /* VideoView.swift in Sources */,
				3AC9EB5A2B16C79300CDC88F /* VimeoService.swift in Sources */,
				3AC9EB5D2B16DF5500CDC88F /* MockVimeoService.swift in Sources */,
				3AC9EB4D2B13FAA700CDC88F /* VideoCardView.swift in Sources */,
				3AC9EB342B10EEEC00CDC88F /* VimeoViewModel.swift in Sources */,
				3AC9EB362B10EFD000CDC88F /* ProgressView.swift in Sources */,
				3AC9EB552B15662600CDC88F /* FavoriteVideosViewModel.swift in Sources */,
				3AC9EB422B129A3300CDC88F /* ProfilePictureView.swift in Sources */,
				3AC9EB442B129F3B00CDC88F /* AnnouncementView.swift in Sources */,
				3AC9EAF92B003D8B00CDC88F /* BaseView.swift in Sources */,
				3AC9EB602B18245300CDC88F /* FavoritesStorageServiceProtocol.swift in Sources */,
				3AC9EB4B2B139E6900CDC88F /* CourseDetailedView.swift in Sources */,
				3AC9EB3D2B1143C100CDC88F /* CourseView.swift in Sources */,
				3AC9EB572B16C5FA00CDC88F /* VimeoServiceProtocol.swift in Sources */,
				3AC9EB382B10F1A400CDC88F /* VimeoData.swift in Sources */,
				3AC9EB622B1824A600CDC88F /* FavoritesStorageService.swift in Sources */,
				3AC9EB472B13982000CDC88F /* ProfileView.swift in Sources */,
				3AC9EAF72B003D8B00CDC88F /* IntegralEyesightApp.swift in Sources */,
			);
			runOnlyForDeploymentPostprocessing = 0;
		};
		3AC9EB7D2B18376F00CDC88F /* Sources */ = {
			isa = PBXSourcesBuildPhase;
			buildActionMask = 2147483647;
			files = (
				3AC9EB8A2B1838FA00CDC88F /* VimeoServiceTests.swift in Sources */,
				3AC9EB8B2B1838FF00CDC88F /* FavoriteVideosTests.swift in Sources */,
			);
			runOnlyForDeploymentPostprocessing = 0;
		};
/* End PBXSourcesBuildPhase section */

/* Begin PBXTargetDependency section */
		3AC9EB862B18376F00CDC88F /* PBXTargetDependency */ = {
			isa = PBXTargetDependency;
			target = 3AC9EAF22B003D8B00CDC88F /* IntegralEyesight */;
			targetProxy = 3AC9EB852B18376F00CDC88F /* PBXContainerItemProxy */;
		};
/* End PBXTargetDependency section */

/* Begin XCBuildConfiguration section */
		3AC9EB162B003D8C00CDC88F /* Debug */ = {
			isa = XCBuildConfiguration;
			buildSettings = {
				ALWAYS_SEARCH_USER_PATHS = NO;
				ASSETCATALOG_COMPILER_GENERATE_SWIFT_ASSET_SYMBOL_EXTENSIONS = YES;
				CLANG_ANALYZER_NONNULL = YES;
				CLANG_ANALYZER_NUMBER_OBJECT_CONVERSION = YES_AGGRESSIVE;
				CLANG_CXX_LANGUAGE_STANDARD = "gnu++20";
				CLANG_ENABLE_MODULES = YES;
				CLANG_ENABLE_OBJC_ARC = YES;
				CLANG_ENABLE_OBJC_WEAK = YES;
				CLANG_WARN_BLOCK_CAPTURE_AUTORELEASING = YES;
				CLANG_WARN_BOOL_CONVERSION = YES;
				CLANG_WARN_COMMA = YES;
				CLANG_WARN_CONSTANT_CONVERSION = YES;
				CLANG_WARN_DEPRECATED_OBJC_IMPLEMENTATIONS = YES;
				CLANG_WARN_DIRECT_OBJC_ISA_USAGE = YES_ERROR;
				CLANG_WARN_DOCUMENTATION_COMMENTS = YES;
				CLANG_WARN_EMPTY_BODY = YES;
				CLANG_WARN_ENUM_CONVERSION = YES;
				CLANG_WARN_INFINITE_RECURSION = YES;
				CLANG_WARN_INT_CONVERSION = YES;
				CLANG_WARN_NON_LITERAL_NULL_CONVERSION = YES;
				CLANG_WARN_OBJC_IMPLICIT_RETAIN_SELF = YES;
				CLANG_WARN_OBJC_LITERAL_CONVERSION = YES;
				CLANG_WARN_OBJC_ROOT_CLASS = YES_ERROR;
				CLANG_WARN_QUOTED_INCLUDE_IN_FRAMEWORK_HEADER = YES;
				CLANG_WARN_RANGE_LOOP_ANALYSIS = YES;
				CLANG_WARN_STRICT_PROTOTYPES = YES;
				CLANG_WARN_SUSPICIOUS_MOVE = YES;
				CLANG_WARN_UNGUARDED_AVAILABILITY = YES_AGGRESSIVE;
				CLANG_WARN_UNREACHABLE_CODE = YES;
				CLANG_WARN__DUPLICATE_METHOD_MATCH = YES;
				COPY_PHASE_STRIP = NO;
				DEBUG_INFORMATION_FORMAT = dwarf;
				ENABLE_STRICT_OBJC_MSGSEND = YES;
				ENABLE_TESTABILITY = YES;
				ENABLE_USER_SCRIPT_SANDBOXING = YES;
				GCC_C_LANGUAGE_STANDARD = gnu17;
				GCC_DYNAMIC_NO_PIC = NO;
				GCC_NO_COMMON_BLOCKS = YES;
				GCC_OPTIMIZATION_LEVEL = 0;
				GCC_PREPROCESSOR_DEFINITIONS = (
					"DEBUG=1",
					"$(inherited)",
				);
				GCC_WARN_64_TO_32_BIT_CONVERSION = YES;
				GCC_WARN_ABOUT_RETURN_TYPE = YES_ERROR;
				GCC_WARN_UNDECLARED_SELECTOR = YES;
				GCC_WARN_UNINITIALIZED_AUTOS = YES_AGGRESSIVE;
				GCC_WARN_UNUSED_FUNCTION = YES;
				GCC_WARN_UNUSED_VARIABLE = YES;
				LOCALIZATION_PREFERS_STRING_CATALOGS = YES;
				MTL_ENABLE_DEBUG_INFO = INCLUDE_SOURCE;
				MTL_FAST_MATH = YES;
				ONLY_ACTIVE_ARCH = YES;
				SWIFT_ACTIVE_COMPILATION_CONDITIONS = "DEBUG $(inherited)";
				SWIFT_OPTIMIZATION_LEVEL = "-Onone";
			};
			name = Debug;
		};
		3AC9EB172B003D8C00CDC88F /* Release */ = {
			isa = XCBuildConfiguration;
			buildSettings = {
				ALWAYS_SEARCH_USER_PATHS = NO;
				ASSETCATALOG_COMPILER_GENERATE_SWIFT_ASSET_SYMBOL_EXTENSIONS = YES;
				CLANG_ANALYZER_NONNULL = YES;
				CLANG_ANALYZER_NUMBER_OBJECT_CONVERSION = YES_AGGRESSIVE;
				CLANG_CXX_LANGUAGE_STANDARD = "gnu++20";
				CLANG_ENABLE_MODULES = YES;
				CLANG_ENABLE_OBJC_ARC = YES;
				CLANG_ENABLE_OBJC_WEAK = YES;
				CLANG_WARN_BLOCK_CAPTURE_AUTORELEASING = YES;
				CLANG_WARN_BOOL_CONVERSION = YES;
				CLANG_WARN_COMMA = YES;
				CLANG_WARN_CONSTANT_CONVERSION = YES;
				CLANG_WARN_DEPRECATED_OBJC_IMPLEMENTATIONS = YES;
				CLANG_WARN_DIRECT_OBJC_ISA_USAGE = YES_ERROR;
				CLANG_WARN_DOCUMENTATION_COMMENTS = YES;
				CLANG_WARN_EMPTY_BODY = YES;
				CLANG_WARN_ENUM_CONVERSION = YES;
				CLANG_WARN_INFINITE_RECURSION = YES;
				CLANG_WARN_INT_CONVERSION = YES;
				CLANG_WARN_NON_LITERAL_NULL_CONVERSION = YES;
				CLANG_WARN_OBJC_IMPLICIT_RETAIN_SELF = YES;
				CLANG_WARN_OBJC_LITERAL_CONVERSION = YES;
				CLANG_WARN_OBJC_ROOT_CLASS = YES_ERROR;
				CLANG_WARN_QUOTED_INCLUDE_IN_FRAMEWORK_HEADER = YES;
				CLANG_WARN_RANGE_LOOP_ANALYSIS = YES;
				CLANG_WARN_STRICT_PROTOTYPES = YES;
				CLANG_WARN_SUSPICIOUS_MOVE = YES;
				CLANG_WARN_UNGUARDED_AVAILABILITY = YES_AGGRESSIVE;
				CLANG_WARN_UNREACHABLE_CODE = YES;
				CLANG_WARN__DUPLICATE_METHOD_MATCH = YES;
				COPY_PHASE_STRIP = NO;
				DEBUG_INFORMATION_FORMAT = "dwarf-with-dsym";
				ENABLE_NS_ASSERTIONS = NO;
				ENABLE_STRICT_OBJC_MSGSEND = YES;
				ENABLE_USER_SCRIPT_SANDBOXING = YES;
				GCC_C_LANGUAGE_STANDARD = gnu17;
				GCC_NO_COMMON_BLOCKS = YES;
				GCC_WARN_64_TO_32_BIT_CONVERSION = YES;
				GCC_WARN_ABOUT_RETURN_TYPE = YES_ERROR;
				GCC_WARN_UNDECLARED_SELECTOR = YES;
				GCC_WARN_UNINITIALIZED_AUTOS = YES_AGGRESSIVE;
				GCC_WARN_UNUSED_FUNCTION = YES;
				GCC_WARN_UNUSED_VARIABLE = YES;
				LOCALIZATION_PREFERS_STRING_CATALOGS = YES;
				MTL_ENABLE_DEBUG_INFO = NO;
				MTL_FAST_MATH = YES;
				SWIFT_COMPILATION_MODE = wholemodule;
			};
			name = Release;
		};
		3AC9EB192B003D8C00CDC88F /* Debug */ = {
			isa = XCBuildConfiguration;
			buildSettings = {
				ASSETCATALOG_COMPILER_APPICON_NAME = AppIcon;
				ASSETCATALOG_COMPILER_GLOBAL_ACCENT_COLOR_NAME = AccentColor;
				ASSETCATALOG_COMPILER_INCLUDE_ALL_APPICON_ASSETS = YES;
				CODE_SIGN_ENTITLEMENTS = IntegralEyesight/IntegralEyesight.entitlements;
				CODE_SIGN_STYLE = Automatic;
				CURRENT_PROJECT_VERSION = 1;
				DEVELOPMENT_ASSET_PATHS = "\"IntegralEyesight/Preview Content\"";
				ENABLE_PREVIEWS = YES;
				GENERATE_INFOPLIST_FILE = YES;
				"INFOPLIST_KEY_UIApplicationSceneManifest_Generation[sdk=iphoneos*]" = YES;
				"INFOPLIST_KEY_UIApplicationSceneManifest_Generation[sdk=iphonesimulator*]" = YES;
				"INFOPLIST_KEY_UIApplicationSupportsIndirectInputEvents[sdk=iphoneos*]" = YES;
				"INFOPLIST_KEY_UIApplicationSupportsIndirectInputEvents[sdk=iphonesimulator*]" = YES;
				"INFOPLIST_KEY_UILaunchScreen_Generation[sdk=iphoneos*]" = YES;
				"INFOPLIST_KEY_UILaunchScreen_Generation[sdk=iphonesimulator*]" = YES;
				INFOPLIST_KEY_UILaunchStoryboardName = "Launch Screen.storyboard";
				"INFOPLIST_KEY_UIStatusBarStyle[sdk=iphoneos*]" = UIStatusBarStyleDefault;
				"INFOPLIST_KEY_UIStatusBarStyle[sdk=iphonesimulator*]" = UIStatusBarStyleDefault;
				INFOPLIST_KEY_UISupportedInterfaceOrientations_iPad = "UIInterfaceOrientationPortrait UIInterfaceOrientationPortraitUpsideDown UIInterfaceOrientationLandscapeLeft UIInterfaceOrientationLandscapeRight";
				INFOPLIST_KEY_UISupportedInterfaceOrientations_iPhone = "UIInterfaceOrientationPortrait UIInterfaceOrientationLandscapeLeft UIInterfaceOrientationLandscapeRight";
				IPHONEOS_DEPLOYMENT_TARGET = 17.0;
				LD_RUNPATH_SEARCH_PATHS = "@executable_path/Frameworks";
				"LD_RUNPATH_SEARCH_PATHS[sdk=macosx*]" = "@executable_path/../Frameworks";
				MACOSX_DEPLOYMENT_TARGET = 14.0;
				MARKETING_VERSION = 1.0;
				PRODUCT_BUNDLE_IDENTIFIER = com.integraleyesight.IntegralEyesight;
				PRODUCT_NAME = "$(TARGET_NAME)";
				SDKROOT = auto;
				SUPPORTED_PLATFORMS = "iphoneos iphonesimulator macosx";
				SWIFT_EMIT_LOC_STRINGS = YES;
				SWIFT_VERSION = 5.0;
				TARGETED_DEVICE_FAMILY = "1,2";
			};
			name = Debug;
		};
		3AC9EB1A2B003D8C00CDC88F /* Release */ = {
			isa = XCBuildConfiguration;
			buildSettings = {
				ASSETCATALOG_COMPILER_APPICON_NAME = AppIcon;
				ASSETCATALOG_COMPILER_GLOBAL_ACCENT_COLOR_NAME = AccentColor;
				ASSETCATALOG_COMPILER_INCLUDE_ALL_APPICON_ASSETS = YES;
				CODE_SIGN_ENTITLEMENTS = IntegralEyesight/IntegralEyesight.entitlements;
				CODE_SIGN_STYLE = Automatic;
				CURRENT_PROJECT_VERSION = 1;
				DEVELOPMENT_ASSET_PATHS = "\"IntegralEyesight/Preview Content\"";
				ENABLE_PREVIEWS = YES;
				GENERATE_INFOPLIST_FILE = YES;
				"INFOPLIST_KEY_UIApplicationSceneManifest_Generation[sdk=iphoneos*]" = YES;
				"INFOPLIST_KEY_UIApplicationSceneManifest_Generation[sdk=iphonesimulator*]" = YES;
				"INFOPLIST_KEY_UIApplicationSupportsIndirectInputEvents[sdk=iphoneos*]" = YES;
				"INFOPLIST_KEY_UIApplicationSupportsIndirectInputEvents[sdk=iphonesimulator*]" = YES;
				"INFOPLIST_KEY_UILaunchScreen_Generation[sdk=iphoneos*]" = YES;
				"INFOPLIST_KEY_UILaunchScreen_Generation[sdk=iphonesimulator*]" = YES;
				INFOPLIST_KEY_UILaunchStoryboardName = "Launch Screen.storyboard";
				"INFOPLIST_KEY_UIStatusBarStyle[sdk=iphoneos*]" = UIStatusBarStyleDefault;
				"INFOPLIST_KEY_UIStatusBarStyle[sdk=iphonesimulator*]" = UIStatusBarStyleDefault;
				INFOPLIST_KEY_UISupportedInterfaceOrientations_iPad = "UIInterfaceOrientationPortrait UIInterfaceOrientationPortraitUpsideDown UIInterfaceOrientationLandscapeLeft UIInterfaceOrientationLandscapeRight";
				INFOPLIST_KEY_UISupportedInterfaceOrientations_iPhone = "UIInterfaceOrientationPortrait UIInterfaceOrientationLandscapeLeft UIInterfaceOrientationLandscapeRight";
				IPHONEOS_DEPLOYMENT_TARGET = 17.0;
				LD_RUNPATH_SEARCH_PATHS = "@executable_path/Frameworks";
				"LD_RUNPATH_SEARCH_PATHS[sdk=macosx*]" = "@executable_path/../Frameworks";
				MACOSX_DEPLOYMENT_TARGET = 14.0;
				MARKETING_VERSION = 1.0;
				PRODUCT_BUNDLE_IDENTIFIER = com.integraleyesight.IntegralEyesight;
				PRODUCT_NAME = "$(TARGET_NAME)";
				SDKROOT = auto;
				SUPPORTED_PLATFORMS = "iphoneos iphonesimulator macosx";
				SWIFT_EMIT_LOC_STRINGS = YES;
				SWIFT_VERSION = 5.0;
				TARGETED_DEVICE_FAMILY = "1,2";
			};
			name = Release;
		};
		3AC9EB882B18376F00CDC88F /* Debug */ = {
			isa = XCBuildConfiguration;
			buildSettings = {
				BUNDLE_LOADER = "$(TEST_HOST)";
				CODE_SIGN_STYLE = Automatic;
				CURRENT_PROJECT_VERSION = 1;
				GENERATE_INFOPLIST_FILE = YES;
				IPHONEOS_DEPLOYMENT_TARGET = 17.0;
				MARKETING_VERSION = 1.0;
				PRODUCT_BUNDLE_IDENTIFIER = com.integraleyesight.IntegralEyesightTests;
				PRODUCT_NAME = "$(TARGET_NAME)";
				SDKROOT = iphoneos;
				SWIFT_EMIT_LOC_STRINGS = NO;
				SWIFT_VERSION = 5.0;
				TARGETED_DEVICE_FAMILY = "1,2";
				TEST_HOST = "$(BUILT_PRODUCTS_DIR)/IntegralEyesight.app/$(BUNDLE_EXECUTABLE_FOLDER_PATH)/IntegralEyesight";
			};
			name = Debug;
		};
		3AC9EB892B18376F00CDC88F /* Release */ = {
			isa = XCBuildConfiguration;
			buildSettings = {
				BUNDLE_LOADER = "$(TEST_HOST)";
				CODE_SIGN_STYLE = Automatic;
				CURRENT_PROJECT_VERSION = 1;
				GENERATE_INFOPLIST_FILE = YES;
				IPHONEOS_DEPLOYMENT_TARGET = 17.0;
				MARKETING_VERSION = 1.0;
				PRODUCT_BUNDLE_IDENTIFIER = com.integraleyesight.IntegralEyesightTests;
				PRODUCT_NAME = "$(TARGET_NAME)";
				SDKROOT = iphoneos;
				SWIFT_EMIT_LOC_STRINGS = NO;
				SWIFT_VERSION = 5.0;
				TARGETED_DEVICE_FAMILY = "1,2";
				TEST_HOST = "$(BUILT_PRODUCTS_DIR)/IntegralEyesight.app/$(BUNDLE_EXECUTABLE_FOLDER_PATH)/IntegralEyesight";
				VALIDATE_PRODUCT = YES;
			};
			name = Release;
		};
/* End XCBuildConfiguration section */

/* Begin XCConfigurationList section */
		3AC9EAEE2B003D8B00CDC88F /* Build configuration list for PBXProject "IntegralEyesight" */ = {
			isa = XCConfigurationList;
			buildConfigurations = (
				3AC9EB162B003D8C00CDC88F /* Debug */,
				3AC9EB172B003D8C00CDC88F /* Release */,
			);
			defaultConfigurationIsVisible = 0;
			defaultConfigurationName = Release;
		};
		3AC9EB182B003D8C00CDC88F /* Build configuration list for PBXNativeTarget "IntegralEyesight" */ = {
			isa = XCConfigurationList;
			buildConfigurations = (
				3AC9EB192B003D8C00CDC88F /* Debug */,
				3AC9EB1A2B003D8C00CDC88F /* Release */,
			);
			defaultConfigurationIsVisible = 0;
			defaultConfigurationName = Release;
		};
		3AC9EB872B18376F00CDC88F /* Build configuration list for PBXNativeTarget "IntegralEyesightTests" */ = {
			isa = XCConfigurationList;
			buildConfigurations = (
				3AC9EB882B18376F00CDC88F /* Debug */,
				3AC9EB892B18376F00CDC88F /* Release */,
			);
			defaultConfigurationIsVisible = 0;
			defaultConfigurationName = Release;
		};
/* End XCConfigurationList section */
	};
	rootObject = 3AC9EAEB2B003D8B00CDC88F /* Project object */;
}
